
Microsoft Visual Studio Solution File, Format Version 12.00
# Visual Studio 14
VisualStudioVersion = 14.0.25420.1
MinimumVisualStudioVersion = 10.0.40219.1
Project("{FAE04EC0-301F-11D3-BF4B-00C04F79EFBC}") = "MedidoresWeb", "MedidoresWeb\MedidoresWeb.csproj", "{1E7320C7-B344-4C58-AF02-51498348E53C}"
EndProject
Project("{FAE04EC0-301F-11D3-BF4B-00C04F79EFBC}") = "MedidoresModel", "MedidoresModel\MedidoresModel.csproj", "{480CD91A-6BD4-45E3-BF7B-3B7E55C8E000}"
EndProject
Global
	GlobalSection(SolutionConfigurationPlatforms) = preSolution
		Debug|Any CPU = Debug|Any CPU
		Release|Any CPU = Release|Any CPU
	EndGlobalSection
	GlobalSection(ProjectConfigurationPlatforms) = postSolution
		{1E7320C7-B344-4C58-AF02-51498348E53C}.Debug|Any CPU.ActiveCfg = Debug|Any CPU
		{1E7320C7-B344-4C58-AF02-51498348E53C}.Debug|Any CPU.Build.0 = Debug|Any CPU
		{1E7320C7-B344-4C58-AF02-51498348E53C}.Release|Any CPU.ActiveCfg = Release|Any CPU
		{1E7320C7-B344-4C58-AF02-51498348E53C}.Release|Any CPU.Build.0 = Release|Any CPU
		{480CD91A-6BD4-45E3-BF7B-3B7E55C8E000}.Debug|Any CPU.ActiveCfg = Debug|Any CPU
		{480CD91A-6BD4-45E3-BF7B-3B7E55C8E000}.Debug|Any CPU.Build.0 = Debug|Any CPU
		{480CD91A-6BD4-45E3-BF7B-3B7E55C8E000}.Debug|Any CPU.Deploy.0 = Debug|Any CPU
		{480CD91A-6BD4-45E3-BF7B-3B7E55C8E000}.Release|Any CPU.ActiveCfg = Release|Any CPU
		{480CD91A-6BD4-45E3-BF7B-3B7E55C8E000}.Release|Any CPU.Build.0 = Release|Any CPU
	EndGlobalSection
	GlobalSection(SolutionProperties) = preSolution
		HideSolutionNode = FALSE
	EndGlobalSection
EndGlobal
